{
  "name": "snizzle",
  "lockfileVersion": 3,
  "requires": true,
  "packages": {
    "": {
      "dependencies": {
        "snizzle": "^1.5.0"
      }
    },
    "node_modules/snizzle": {
      "version": "1.5.0",
      "resolved": "https://registry.npmjs.org/snizzle/-/snizzle-1.5.0.tgz",
      "integrity": "sha512-Kcwe5XnqyKkPob0IfXCp2Y4Ua3otYA0VQviHo+tpi8nqva2Ki3/dexx+GOmeEHzxizxHREvUB4j5BlMOuCS4IA=="
    }
  }
}
